
Microsoft Visual Studio Solution File, Format Version 12.00
# Visual Studio 15
VisualStudioVersion = 15.0.28307.168
MinimumVisualStudioVersion = 10.0.40219.1
Project("{FAE04EC0-301F-11D3-BF4B-00C04F79EFBC}") = "Project_template", "Project_template\Project_template.csproj", "{956171E6-6E6D-4AB8-82AF-763484038340}"
EndProject
Global
	GlobalSection(SolutionConfigurationPlatforms) = preSolution
		Debug|Any CPU = Debug|Any CPU
		Release|Any CPU = Release|Any CPU
	EndGlobalSection
	GlobalSection(ProjectConfigurationPlatforms) = postSolution
		{956171E6-6E6D-4AB8-82AF-763484038340}.Debug|Any CPU.ActiveCfg = Debug|Any CPU
		{956171E6-6E6D-4AB8-82AF-763484038340}.Debug|Any CPU.Build.0 = Debug|Any CPU
		{956171E6-6E6D-4AB8-82AF-763484038340}.Release|Any CPU.ActiveCfg = Release|Any CPU
		{956171E6-6E6D-4AB8-82AF-763484038340}.Release|Any CPU.Build.0 = Release|Any CPU
	EndGlobalSection
	GlobalSection(SolutionProperties) = preSolution
		HideSolutionNode = FALSE
	EndGlobalSection
	GlobalSection(ExtensibilityGlobals) = postSolution
		SolutionGuid = {49315F0A-87EA-44D8-8CAF-1ED3866EDEA9}
	EndGlobalSection
EndGlobal
